
Microsoft Visual Studio Solution File, Format Version 12.00
# Visual Studio Version 17
VisualStudioVersion = 17.11.35312.102
MinimumVisualStudioVersion = 10.0.40219.1
Project("{FAE04EC0-301F-11D3-BF4B-00C04F79EFBC}") = "ProductionQuality", "ProductionQuality\ProductionQuality.csproj", "{7046F559-E7F2-4217-B88A-C179D4C2285B}"
	ProjectSection(ProjectDependencies) = postProject
		{04F3B9D9-0C7E-407D-9B8C-F9D90C4DADDE} = {04F3B9D9-0C7E-407D-9B8C-F9D90C4DADDE}
	EndProjectSection
EndProject
Project("{FAE04EC0-301F-11D3-BF4B-00C04F79EFBC}") = "ProductionQuality.Server", "ProductionQuality.Server\ProductionQuality.Server.csproj", "{04F3B9D9-0C7E-407D-9B8C-F9D90C4DADDE}"
EndProject
Global
	GlobalSection(SolutionConfigurationPlatforms) = preSolution
		Debug|Any CPU = Debug|Any CPU
		Release|Any CPU = Release|Any CPU
	EndGlobalSection
	GlobalSection(ProjectConfigurationPlatforms) = postSolution
		{7046F559-E7F2-4217-B88A-C179D4C2285B}.Debug|Any CPU.ActiveCfg = Debug|Any CPU
		{7046F559-E7F2-4217-B88A-C179D4C2285B}.Debug|Any CPU.Build.0 = Debug|Any CPU
		{7046F559-E7F2-4217-B88A-C179D4C2285B}.Release|Any CPU.ActiveCfg = Release|Any CPU
		{7046F559-E7F2-4217-B88A-C179D4C2285B}.Release|Any CPU.Build.0 = Release|Any CPU
		{04F3B9D9-0C7E-407D-9B8C-F9D90C4DADDE}.Debug|Any CPU.ActiveCfg = Debug|Any CPU
		{04F3B9D9-0C7E-407D-9B8C-F9D90C4DADDE}.Debug|Any CPU.Build.0 = Debug|Any CPU
		{04F3B9D9-0C7E-407D-9B8C-F9D90C4DADDE}.Release|Any CPU.ActiveCfg = Release|Any CPU
		{04F3B9D9-0C7E-407D-9B8C-F9D90C4DADDE}.Release|Any CPU.Build.0 = Release|Any CPU
	EndGlobalSection
	GlobalSection(SolutionProperties) = preSolution
		HideSolutionNode = FALSE
	EndGlobalSection
	GlobalSection(ExtensibilityGlobals) = postSolution
		SolutionGuid = {339D31C1-C6A1-443B-AD5C-D9F196262129}
	EndGlobalSection
EndGlobal
